
Microsoft Visual Studio Solution File, Format Version 12.00
# Visual Studio 15
VisualStudioVersion = 15.0.28307.852
MinimumVisualStudioVersion = 10.0.40219.1
Project("{54435603-DBB4-11D2-8724-00A0C9A8B90C}") = "Setup", "Setup\Setup.vdproj", "{E39F5238-3766-4357-9458-ECBFBB838C84}"
EndProject
Project("{FAE04EC0-301F-11D3-BF4B-00C04F79EFBC}") = "Hoswish1.2", "..\Hoswish1.2\Hoswish1.2\Hoswish1.2.csproj", "{F707D3BE-2A45-4AFB-AB8B-8CE84FAF7B6E}"
EndProject
Global
	GlobalSection(SolutionConfigurationPlatforms) = preSolution
		Debug|Any CPU = Debug|Any CPU
		Release|Any CPU = Release|Any CPU
	EndGlobalSection
	GlobalSection(ProjectConfigurationPlatforms) = postSolution
		{E39F5238-3766-4357-9458-ECBFBB838C84}.Debug|Any CPU.ActiveCfg = Debug
		{E39F5238-3766-4357-9458-ECBFBB838C84}.Debug|Any CPU.Build.0 = Debug
		{E39F5238-3766-4357-9458-ECBFBB838C84}.Release|Any CPU.ActiveCfg = Release
		{E39F5238-3766-4357-9458-ECBFBB838C84}.Release|Any CPU.Build.0 = Release
		{F707D3BE-2A45-4AFB-AB8B-8CE84FAF7B6E}.Debug|Any CPU.ActiveCfg = Debug|Any CPU
		{F707D3BE-2A45-4AFB-AB8B-8CE84FAF7B6E}.Debug|Any CPU.Build.0 = Debug|Any CPU
		{F707D3BE-2A45-4AFB-AB8B-8CE84FAF7B6E}.Release|Any CPU.ActiveCfg = Release|Any CPU
		{F707D3BE-2A45-4AFB-AB8B-8CE84FAF7B6E}.Release|Any CPU.Build.0 = Release|Any CPU
	EndGlobalSection
	GlobalSection(SolutionProperties) = preSolution
		HideSolutionNode = FALSE
	EndGlobalSection
	GlobalSection(ExtensibilityGlobals) = postSolution
		SolutionGuid = {355E0FFA-4EE8-4155-BF70-44DEE2237FF4}
	EndGlobalSection
EndGlobal
