
Microsoft Visual Studio Solution File, Format Version 12.00
# Visual Studio 15
VisualStudioVersion = 15.0.28307.852
MinimumVisualStudioVersion = 10.0.40219.1
Project("{54435603-DBB4-11D2-8724-00A0C9A8B90C}") = "Setup", "Setup\Setup.vdproj", "{3BB05E57-77A7-4D8B-B12E-1E05D30AE7A2}"
EndProject
Project("{FAE04EC0-301F-11D3-BF4B-00C04F79EFBC}") = "Hoswish1.3", "..\Hoswish1.3\Hoswish1.3.csproj", "{63A91016-0AA0-4733-9683-C5BEBA267365}"
EndProject
Global
	GlobalSection(SolutionConfigurationPlatforms) = preSolution
		Debug|Any CPU = Debug|Any CPU
		Release|Any CPU = Release|Any CPU
	EndGlobalSection
	GlobalSection(ProjectConfigurationPlatforms) = postSolution
		{3BB05E57-77A7-4D8B-B12E-1E05D30AE7A2}.Debug|Any CPU.ActiveCfg = Debug
		{3BB05E57-77A7-4D8B-B12E-1E05D30AE7A2}.Debug|Any CPU.Build.0 = Debug
		{3BB05E57-77A7-4D8B-B12E-1E05D30AE7A2}.Release|Any CPU.ActiveCfg = Release
		{3BB05E57-77A7-4D8B-B12E-1E05D30AE7A2}.Release|Any CPU.Build.0 = Release
		{63A91016-0AA0-4733-9683-C5BEBA267365}.Debug|Any CPU.ActiveCfg = Debug|Any CPU
		{63A91016-0AA0-4733-9683-C5BEBA267365}.Debug|Any CPU.Build.0 = Debug|Any CPU
		{63A91016-0AA0-4733-9683-C5BEBA267365}.Release|Any CPU.ActiveCfg = Release|Any CPU
		{63A91016-0AA0-4733-9683-C5BEBA267365}.Release|Any CPU.Build.0 = Release|Any CPU
	EndGlobalSection
	GlobalSection(SolutionProperties) = preSolution
		HideSolutionNode = FALSE
	EndGlobalSection
	GlobalSection(ExtensibilityGlobals) = postSolution
		SolutionGuid = {3385C37B-1771-4FD6-82C4-592EC0EC4927}
	EndGlobalSection
EndGlobal
